
Microsoft Visual Studio Solution File, Format Version 12.00
# Visual Studio 14
VisualStudioVersion = 14.0.24720.0
MinimumVisualStudioVersion = 10.0.40219.1
Project("{FAE04EC0-301F-11D3-BF4B-00C04F79EFBC}") = "FileUploaderService", "FileUploaderService\FileUploaderService.csproj", "{D8186E58-706E-42BE-8C41-A5A36C2EC05B}"
EndProject
Project("{FAE04EC0-301F-11D3-BF4B-00C04F79EFBC}") = "TestFileUploader", "TestFileUploader\TestFileUploader.csproj", "{E367ACCE-D5E5-4408-812B-7D74DC93FFEE}"
EndProject
Project("{FAE04EC0-301F-11D3-BF4B-00C04F79EFBC}") = "SendingResults", "SendingResults\SendingResults.csproj", "{4B8FBA4B-9729-4275-843F-BBD33F0AF8F8}"
EndProject
Global
	GlobalSection(SolutionConfigurationPlatforms) = preSolution
		Debug|Any CPU = Debug|Any CPU
		Release|Any CPU = Release|Any CPU
	EndGlobalSection
	GlobalSection(ProjectConfigurationPlatforms) = postSolution
		{D8186E58-706E-42BE-8C41-A5A36C2EC05B}.Debug|Any CPU.ActiveCfg = Debug|Any CPU
		{D8186E58-706E-42BE-8C41-A5A36C2EC05B}.Debug|Any CPU.Build.0 = Debug|Any CPU
		{D8186E58-706E-42BE-8C41-A5A36C2EC05B}.Release|Any CPU.ActiveCfg = Release|Any CPU
		{D8186E58-706E-42BE-8C41-A5A36C2EC05B}.Release|Any CPU.Build.0 = Release|Any CPU
		{E367ACCE-D5E5-4408-812B-7D74DC93FFEE}.Debug|Any CPU.ActiveCfg = Debug|Any CPU
		{E367ACCE-D5E5-4408-812B-7D74DC93FFEE}.Debug|Any CPU.Build.0 = Debug|Any CPU
		{E367ACCE-D5E5-4408-812B-7D74DC93FFEE}.Release|Any CPU.ActiveCfg = Release|Any CPU
		{E367ACCE-D5E5-4408-812B-7D74DC93FFEE}.Release|Any CPU.Build.0 = Release|Any CPU
		{4B8FBA4B-9729-4275-843F-BBD33F0AF8F8}.Debug|Any CPU.ActiveCfg = Debug|Any CPU
		{4B8FBA4B-9729-4275-843F-BBD33F0AF8F8}.Debug|Any CPU.Build.0 = Debug|Any CPU
		{4B8FBA4B-9729-4275-843F-BBD33F0AF8F8}.Release|Any CPU.ActiveCfg = Release|Any CPU
		{4B8FBA4B-9729-4275-843F-BBD33F0AF8F8}.Release|Any CPU.Build.0 = Release|Any CPU
	EndGlobalSection
	GlobalSection(SolutionProperties) = preSolution
		HideSolutionNode = FALSE
	EndGlobalSection
EndGlobal
